
Microsoft Visual Studio Solution File, Format Version 12.00
# Visual Studio Version 17
VisualStudioVersion = 17.8.34511.84
MinimumVisualStudioVersion = 10.0.40219.1
Project("{FAE04EC0-301F-11D3-BF4B-00C04F79EFBC}") = "EcommerceApp", "EcommerceApp.csproj", "{C2140540-F89A-4B1A-BE60-62FC622FBDAA}"
EndProject
Global
	GlobalSection(SolutionConfigurationPlatforms) = preSolution
		Debug|Any CPU = Debug|Any CPU
		Release|Any CPU = Release|Any CPU
	EndGlobalSection
	GlobalSection(ProjectConfigurationPlatforms) = postSolution
		{C2140540-F89A-4B1A-BE60-62FC622FBDAA}.Debug|Any CPU.ActiveCfg = Debug|Any CPU
		{C2140540-F89A-4B1A-BE60-62FC622FBDAA}.Debug|Any CPU.Build.0 = Debug|Any CPU
		{C2140540-F89A-4B1A-BE60-62FC622FBDAA}.Release|Any CPU.ActiveCfg = Release|Any CPU
		{C2140540-F89A-4B1A-BE60-62FC622FBDAA}.Release|Any CPU.Build.0 = Release|Any CPU
	EndGlobalSection
	GlobalSection(SolutionProperties) = preSolution
		HideSolutionNode = FALSE
	EndGlobalSection
	GlobalSection(ExtensibilityGlobals) = postSolution
		SolutionGuid = {0163FC00-E71B-4FCC-8E5C-3E8830448DC8}
	EndGlobalSection
EndGlobal
